
Microsoft Visual Studio Solution File, Format Version 12.00
# Visual Studio 15
VisualStudioVersion = 15.0.27130.2036
MinimumVisualStudioVersion = 10.0.40219.1
Project("{2150E333-8FDC-42A3-9474-1A3956D46DE8}") = "ServerSideLogic", "ServerSideLogic", "{BDDC812E-7D1A-466E-B34D-3076E3956586}"
EndProject
Project("{2150E333-8FDC-42A3-9474-1A3956D46DE8}") = "Common", "Common", "{9269454F-C64A-4DE3-8463-9A6BA6183E11}"
EndProject
Project("{9A19103F-16F7-4668-BE54-9A1E7A4F7556}") = "BLL", "BLL\BLL.csproj", "{8E677438-92CC-4D54-B497-BB29101E5138}"
EndProject
Project("{9A19103F-16F7-4668-BE54-9A1E7A4F7556}") = "Core", "Core\Core.csproj", "{7FFFDEF7-B9BA-4BDA-A198-30AAE6984EDE}"
EndProject
Project("{9A19103F-16F7-4668-BE54-9A1E7A4F7556}") = "Model", "Model\Model.csproj", "{A6FD8F5D-1449-4C93-95BE-EC59B8153DC2}"
EndProject
Project("{9A19103F-16F7-4668-BE54-9A1E7A4F7556}") = "POCWebAPI", "POCWebAPI\POCWebAPI.csproj", "{E04B7D39-18F3-4CA4-A046-6963F535E9F8}"
EndProject
Project("{9A19103F-16F7-4668-BE54-9A1E7A4F7556}") = "ServerSide.Tests", "ServerSide.Tests\ServerSide.Tests.csproj", "{1F556CD5-B021-42B7-A9D2-17A2900A55A5}"
EndProject
Project("{2150E333-8FDC-42A3-9474-1A3956D46DE8}") = "FrontEnd", "FrontEnd", "{30F7BAFC-651D-4404-AFC0-DD95FCA8140D}"
EndProject
Project("{FAE04EC0-301F-11D3-BF4B-00C04F79EFBC}") = "POC.SPA", "POC.SPA\POC.SPA.csproj", "{79935E74-002F-4E1E-8059-A0F06074B049}"
EndProject
Global
	GlobalSection(SolutionConfigurationPlatforms) = preSolution
		Debug|Any CPU = Debug|Any CPU
		Release|Any CPU = Release|Any CPU
	EndGlobalSection
	GlobalSection(ProjectConfigurationPlatforms) = postSolution
		{8E677438-92CC-4D54-B497-BB29101E5138}.Debug|Any CPU.ActiveCfg = Debug|Any CPU
		{8E677438-92CC-4D54-B497-BB29101E5138}.Debug|Any CPU.Build.0 = Debug|Any CPU
		{8E677438-92CC-4D54-B497-BB29101E5138}.Release|Any CPU.ActiveCfg = Release|Any CPU
		{8E677438-92CC-4D54-B497-BB29101E5138}.Release|Any CPU.Build.0 = Release|Any CPU
		{7FFFDEF7-B9BA-4BDA-A198-30AAE6984EDE}.Debug|Any CPU.ActiveCfg = Debug|Any CPU
		{7FFFDEF7-B9BA-4BDA-A198-30AAE6984EDE}.Debug|Any CPU.Build.0 = Debug|Any CPU
		{7FFFDEF7-B9BA-4BDA-A198-30AAE6984EDE}.Release|Any CPU.ActiveCfg = Release|Any CPU
		{7FFFDEF7-B9BA-4BDA-A198-30AAE6984EDE}.Release|Any CPU.Build.0 = Release|Any CPU
		{A6FD8F5D-1449-4C93-95BE-EC59B8153DC2}.Debug|Any CPU.ActiveCfg = Debug|Any CPU
		{A6FD8F5D-1449-4C93-95BE-EC59B8153DC2}.Debug|Any CPU.Build.0 = Debug|Any CPU
		{A6FD8F5D-1449-4C93-95BE-EC59B8153DC2}.Release|Any CPU.ActiveCfg = Release|Any CPU
		{A6FD8F5D-1449-4C93-95BE-EC59B8153DC2}.Release|Any CPU.Build.0 = Release|Any CPU
		{E04B7D39-18F3-4CA4-A046-6963F535E9F8}.Debug|Any CPU.ActiveCfg = Debug|Any CPU
		{E04B7D39-18F3-4CA4-A046-6963F535E9F8}.Debug|Any CPU.Build.0 = Debug|Any CPU
		{E04B7D39-18F3-4CA4-A046-6963F535E9F8}.Release|Any CPU.ActiveCfg = Release|Any CPU
		{E04B7D39-18F3-4CA4-A046-6963F535E9F8}.Release|Any CPU.Build.0 = Release|Any CPU
		{1F556CD5-B021-42B7-A9D2-17A2900A55A5}.Debug|Any CPU.ActiveCfg = Debug|Any CPU
		{1F556CD5-B021-42B7-A9D2-17A2900A55A5}.Debug|Any CPU.Build.0 = Debug|Any CPU
		{1F556CD5-B021-42B7-A9D2-17A2900A55A5}.Release|Any CPU.ActiveCfg = Release|Any CPU
		{1F556CD5-B021-42B7-A9D2-17A2900A55A5}.Release|Any CPU.Build.0 = Release|Any CPU
		{79935E74-002F-4E1E-8059-A0F06074B049}.Debug|Any CPU.ActiveCfg = Debug|Any CPU
		{79935E74-002F-4E1E-8059-A0F06074B049}.Debug|Any CPU.Build.0 = Debug|Any CPU
		{79935E74-002F-4E1E-8059-A0F06074B049}.Release|Any CPU.ActiveCfg = Release|Any CPU
		{79935E74-002F-4E1E-8059-A0F06074B049}.Release|Any CPU.Build.0 = Release|Any CPU
	EndGlobalSection
	GlobalSection(SolutionProperties) = preSolution
		HideSolutionNode = FALSE
	EndGlobalSection
	GlobalSection(NestedProjects) = preSolution
		{9269454F-C64A-4DE3-8463-9A6BA6183E11} = {BDDC812E-7D1A-466E-B34D-3076E3956586}
		{8E677438-92CC-4D54-B497-BB29101E5138} = {BDDC812E-7D1A-466E-B34D-3076E3956586}
		{7FFFDEF7-B9BA-4BDA-A198-30AAE6984EDE} = {9269454F-C64A-4DE3-8463-9A6BA6183E11}
		{A6FD8F5D-1449-4C93-95BE-EC59B8153DC2} = {9269454F-C64A-4DE3-8463-9A6BA6183E11}
		{E04B7D39-18F3-4CA4-A046-6963F535E9F8} = {BDDC812E-7D1A-466E-B34D-3076E3956586}
		{1F556CD5-B021-42B7-A9D2-17A2900A55A5} = {BDDC812E-7D1A-466E-B34D-3076E3956586}
		{79935E74-002F-4E1E-8059-A0F06074B049} = {30F7BAFC-651D-4404-AFC0-DD95FCA8140D}
	EndGlobalSection
	GlobalSection(ExtensibilityGlobals) = postSolution
		SolutionGuid = {0B76A8D1-79B8-4812-86AE-E99319070061}
	EndGlobalSection
EndGlobal
