
Microsoft Visual Studio Solution File, Format Version 12.00
# Visual Studio 15
VisualStudioVersion = 15.0.27130.2036
MinimumVisualStudioVersion = 10.0.40219.1
Project("{FAE04EC0-301F-11D3-BF4B-00C04F79EFBC}") = "POCCoreApp", "POCCoreApp\POCCoreApp.csproj", "{254D56F1-E7CA-4F70-A87C-1B9A69A44E57}"
EndProject
Global
	GlobalSection(SolutionConfigurationPlatforms) = preSolution
		Debug|Any CPU = Debug|Any CPU
		Release|Any CPU = Release|Any CPU
	EndGlobalSection
	GlobalSection(ProjectConfigurationPlatforms) = postSolution
		{254D56F1-E7CA-4F70-A87C-1B9A69A44E57}.Debug|Any CPU.ActiveCfg = Debug|Any CPU
		{254D56F1-E7CA-4F70-A87C-1B9A69A44E57}.Debug|Any CPU.Build.0 = Debug|Any CPU
		{254D56F1-E7CA-4F70-A87C-1B9A69A44E57}.Release|Any CPU.ActiveCfg = Release|Any CPU
		{254D56F1-E7CA-4F70-A87C-1B9A69A44E57}.Release|Any CPU.Build.0 = Release|Any CPU
	EndGlobalSection
	GlobalSection(SolutionProperties) = preSolution
		HideSolutionNode = FALSE
	EndGlobalSection
	GlobalSection(ExtensibilityGlobals) = postSolution
		SolutionGuid = {0B76A8D1-79B8-4812-86AE-E99319070061}
	EndGlobalSection
EndGlobal
